
Microsoft Visual Studio Solution File, Format Version 12.00
# Visual Studio 14
VisualStudioVersion = 14.0.25123.0
MinimumVisualStudioVersion = 10.0.40219.1
Project("{FAE04EC0-301F-11D3-BF4B-00C04F79EFBC}") = "CBTour", "CBTour\CBTour.csproj", "{44ABF0D5-5FCF-4266-A333-FF0349C3F3BB}"
EndProject
Project("{FAE04EC0-301F-11D3-BF4B-00C04F79EFBC}") = "BLL", "BLL\BLL.csproj", "{94849612-90D6-4BD8-9161-B72B9863392C}"
EndProject
Project("{FAE04EC0-301F-11D3-BF4B-00C04F79EFBC}") = "DAL", "DAL\DAL.csproj", "{146540D5-BE16-4882-B8A4-61B293388000}"
EndProject
Global
	GlobalSection(SolutionConfigurationPlatforms) = preSolution
		Debug|Any CPU = Debug|Any CPU
		Release|Any CPU = Release|Any CPU
	EndGlobalSection
	GlobalSection(ProjectConfigurationPlatforms) = postSolution
		{44ABF0D5-5FCF-4266-A333-FF0349C3F3BB}.Debug|Any CPU.ActiveCfg = Debug|Any CPU
		{44ABF0D5-5FCF-4266-A333-FF0349C3F3BB}.Debug|Any CPU.Build.0 = Debug|Any CPU
		{44ABF0D5-5FCF-4266-A333-FF0349C3F3BB}.Release|Any CPU.ActiveCfg = Release|Any CPU
		{44ABF0D5-5FCF-4266-A333-FF0349C3F3BB}.Release|Any CPU.Build.0 = Release|Any CPU
		{94849612-90D6-4BD8-9161-B72B9863392C}.Debug|Any CPU.ActiveCfg = Debug|Any CPU
		{94849612-90D6-4BD8-9161-B72B9863392C}.Debug|Any CPU.Build.0 = Debug|Any CPU
		{94849612-90D6-4BD8-9161-B72B9863392C}.Release|Any CPU.ActiveCfg = Release|Any CPU
		{94849612-90D6-4BD8-9161-B72B9863392C}.Release|Any CPU.Build.0 = Release|Any CPU
		{146540D5-BE16-4882-B8A4-61B293388000}.Debug|Any CPU.ActiveCfg = Debug|Any CPU
		{146540D5-BE16-4882-B8A4-61B293388000}.Debug|Any CPU.Build.0 = Debug|Any CPU
		{146540D5-BE16-4882-B8A4-61B293388000}.Release|Any CPU.ActiveCfg = Release|Any CPU
		{146540D5-BE16-4882-B8A4-61B293388000}.Release|Any CPU.Build.0 = Release|Any CPU
	EndGlobalSection
	GlobalSection(SolutionProperties) = preSolution
		HideSolutionNode = FALSE
	EndGlobalSection
EndGlobal
